{
  "name": "LAWIANDREW CHAT V5.0",
  "version": "1.0.0",
  "description": "Socket.io Chat Application V5.0",
  "main": "index.js", 
  "scripts": {
    "start": "node index.js", 
    "dev": "concurrently \"npm start\" \"...client komutu...\""
  },
  "dependencies": {
    "body-parser": "^2.2.1",
    "express": "^5.1.0",
    "socket.io": "^4.8.1",
    "uuid": "^13.0.0"
  },
  "devDependencies": {
    "concurrently": "^9.2.1"
  }
}